
Microsoft Visual Studio Solution File, Format Version 12.00
# Visual Studio 15
VisualStudioVersion = 15.0.27428.2037
MinimumVisualStudioVersion = 10.0.40219.1
Project("{FAE04EC0-301F-11D3-BF4B-00C04F79EFBC}") = "skotstein.net.http.reachabilityanalyzer", "skotstein.net.http.reachabilityanalyzer\skotstein.net.http.reachabilityanalyzer.csproj", "{72B772AD-CFA0-4E1F-A92A-13E96F48A9E3}"
EndProject
Project("{FAE04EC0-301F-11D3-BF4B-00C04F79EFBC}") = "skotstein.net.http.reachabilityanalyzer.cli", "skotstein.net.http.reachabilityanalyzer.cli\skotstein.net.http.reachabilityanalyzer.cli.csproj", "{60F97147-725A-4D8C-9EC4-32D053232C66}"
EndProject
Project("{FAE04EC0-301F-11D3-BF4B-00C04F79EFBC}") = "skotstein.net.http.reachabilityanalyzer.tools", "skotstein.net.http.reachabilityanalyzer.tools\skotstein.net.http.reachabilityanalyzer.tools.csproj", "{154CD61E-04E0-408C-A05A-D5B19E12310D}"
EndProject
Project("{FAE04EC0-301F-11D3-BF4B-00C04F79EFBC}") = "skotstein.net.http.reachabilityanalyzer.proxy", "skotstein.net.http.reachabilityanalyzer.proxy\skotstein.net.http.reachabilityanalyzer.proxy.csproj", "{89BB3BB0-0F25-4411-AF82-D696717DEC5A}"
EndProject
Project("{FAE04EC0-301F-11D3-BF4B-00C04F79EFBC}") = "skotstein.net.http.reachabilityanalyzer.bulk", "skotstein.net.http.reachabilityanalyzer.bulk\skotstein.net.http.reachabilityanalyzer.bulk.csproj", "{C82BD5A6-7E65-4435-B653-55508E898015}"
EndProject
Global
	GlobalSection(SolutionConfigurationPlatforms) = preSolution
		Debug|Any CPU = Debug|Any CPU
		Release|Any CPU = Release|Any CPU
	EndGlobalSection
	GlobalSection(ProjectConfigurationPlatforms) = postSolution
		{72B772AD-CFA0-4E1F-A92A-13E96F48A9E3}.Debug|Any CPU.ActiveCfg = Debug|Any CPU
		{72B772AD-CFA0-4E1F-A92A-13E96F48A9E3}.Debug|Any CPU.Build.0 = Debug|Any CPU
		{72B772AD-CFA0-4E1F-A92A-13E96F48A9E3}.Release|Any CPU.ActiveCfg = Release|Any CPU
		{72B772AD-CFA0-4E1F-A92A-13E96F48A9E3}.Release|Any CPU.Build.0 = Release|Any CPU
		{60F97147-725A-4D8C-9EC4-32D053232C66}.Debug|Any CPU.ActiveCfg = Debug|Any CPU
		{60F97147-725A-4D8C-9EC4-32D053232C66}.Debug|Any CPU.Build.0 = Debug|Any CPU
		{60F97147-725A-4D8C-9EC4-32D053232C66}.Release|Any CPU.ActiveCfg = Release|Any CPU
		{60F97147-725A-4D8C-9EC4-32D053232C66}.Release|Any CPU.Build.0 = Release|Any CPU
		{154CD61E-04E0-408C-A05A-D5B19E12310D}.Debug|Any CPU.ActiveCfg = Debug|Any CPU
		{154CD61E-04E0-408C-A05A-D5B19E12310D}.Debug|Any CPU.Build.0 = Debug|Any CPU
		{154CD61E-04E0-408C-A05A-D5B19E12310D}.Release|Any CPU.ActiveCfg = Release|Any CPU
		{154CD61E-04E0-408C-A05A-D5B19E12310D}.Release|Any CPU.Build.0 = Release|Any CPU
		{89BB3BB0-0F25-4411-AF82-D696717DEC5A}.Debug|Any CPU.ActiveCfg = Debug|Any CPU
		{89BB3BB0-0F25-4411-AF82-D696717DEC5A}.Debug|Any CPU.Build.0 = Debug|Any CPU
		{89BB3BB0-0F25-4411-AF82-D696717DEC5A}.Release|Any CPU.ActiveCfg = Release|Any CPU
		{89BB3BB0-0F25-4411-AF82-D696717DEC5A}.Release|Any CPU.Build.0 = Release|Any CPU
		{C82BD5A6-7E65-4435-B653-55508E898015}.Debug|Any CPU.ActiveCfg = Debug|Any CPU
		{C82BD5A6-7E65-4435-B653-55508E898015}.Debug|Any CPU.Build.0 = Debug|Any CPU
		{C82BD5A6-7E65-4435-B653-55508E898015}.Release|Any CPU.ActiveCfg = Release|Any CPU
		{C82BD5A6-7E65-4435-B653-55508E898015}.Release|Any CPU.Build.0 = Release|Any CPU
	EndGlobalSection
	GlobalSection(SolutionProperties) = preSolution
		HideSolutionNode = FALSE
	EndGlobalSection
	GlobalSection(ExtensibilityGlobals) = postSolution
		SolutionGuid = {E360B8AB-86C8-414C-BE41-1C369BD698E2}
	EndGlobalSection
EndGlobal
